{
  "requires": true,
  "lockfileVersion": 1,
  "dependencies": {
    "commander": {
      "version": "0.5.2",
      "resolved": "https://registry.npm.taobao.org/commander/download/commander-0.5.2.tgz?cache=0&sync_timestamp=1565398176321&other_urls=https%3A%2F%2Fregistry.npm.taobao.org%2Fcommander%2Fdownload%2Fcommander-0.5.2.tgz",
      "integrity": "sha1-8nAyZwmhFaEmz+1WI4UkObjko7U="
    },
    "dat.gui": {
      "version": "0.7.6",
      "resolved": "https://registry.npm.taobao.org/dat.gui/download/dat.gui-0.7.6.tgz",
      "integrity": "sha1-khgqDy3JbCaRD4iCONODkWbYL3Y="
    },
    "stats.js": {
      "version": "0.17.0",
      "resolved": "https://registry.npm.taobao.org/stats.js/download/stats.js-0.17.0.tgz",
      "integrity": "sha1-scPcRtlEmLV4t/05hbgaznExzH0="
    },
    "three": {
      "version": "0.107.0",
      "resolved": "https://registry.npmjs.org/three/-/three-0.107.0.tgz",
      "integrity": "sha512-vqbKJRLBEviPVa7poEzXocobicwxzsctr5mnymA7n8fEzcVS49rYP0RrwqZ98JqujRoruK+/YzcchNpRP+kXsQ=="
    }
  }
}
